
Microsoft Visual Studio Solution File, Format Version 12.00
# Visual Studio Version 16
VisualStudioVersion = 16.0.29209.62
MinimumVisualStudioVersion = 10.0.40219.1
Project("{FAE04EC0-301F-11D3-BF4B-00C04F79EFBC}") = "Cezar", "Cezar\Cezar.csproj", "{070B1E5D-E7FB-4520-8E14-E17DCF1CEDDB}"
EndProject
Global
	GlobalSection(SolutionConfigurationPlatforms) = preSolution
		Debug|Any CPU = Debug|Any CPU
		Release|Any CPU = Release|Any CPU
	EndGlobalSection
	GlobalSection(ProjectConfigurationPlatforms) = postSolution
		{070B1E5D-E7FB-4520-8E14-E17DCF1CEDDB}.Debug|Any CPU.ActiveCfg = Debug|Any CPU
		{070B1E5D-E7FB-4520-8E14-E17DCF1CEDDB}.Debug|Any CPU.Build.0 = Debug|Any CPU
		{070B1E5D-E7FB-4520-8E14-E17DCF1CEDDB}.Release|Any CPU.ActiveCfg = Release|Any CPU
		{070B1E5D-E7FB-4520-8E14-E17DCF1CEDDB}.Release|Any CPU.Build.0 = Release|Any CPU
	EndGlobalSection
	GlobalSection(SolutionProperties) = preSolution
		HideSolutionNode = FALSE
	EndGlobalSection
	GlobalSection(ExtensibilityGlobals) = postSolution
		SolutionGuid = {1F567A3B-9BEC-4F1A-8721-BD1F625D6528}
	EndGlobalSection
EndGlobal
